// !$*UTF8*$!
{
	archiveVersion = 1;
	classes = {
	};
	objectVersion = 50;
	objects = {

/* Begin PBXBuildFile section */
		1239A067818F4D245F08E693 /* Pods_Crypto_WalletUITests.framework in Frameworks */ = {isa = PBXBuildFile; fileRef = 841FA81ED6E9252EA2034E89 /* Pods_Crypto_WalletUITests.framework */; };
		4517DA4B2172E79A000AC493 /* AddViewController.swift in Sources */ = {isa = PBXBuildFile; fileRef = 4517DA4A2172E79A000AC493 /* AddViewController.swift */; };
		4517DA4D21741765000AC493 /* AddGenerateWallet.swift in Sources */ = {isa = PBXBuildFile; fileRef = 4517DA4C21741765000AC493 /* AddGenerateWallet.swift */; };
		451BF66420E09C0C008C43F4 /* ReceivingViewController.swift in Sources */ = {isa = PBXBuildFile; fileRef = 451BF66320E09C0C008C43F4 /* ReceivingViewController.swift */; };
		454B3CEA20E308B900D95960 /* SelectPopupView.xib in Resources */ = {isa = PBXBuildFile; fileRef = 454B3CE920E308B900D95960 /* SelectPopupView.xib */; };
		454B3CEC20E308C400D95960 /* SelectPopupView.swift in Sources */ = {isa = PBXBuildFile; fileRef = 454B3CEB20E308C400D95960 /* SelectPopupView.swift */; };
		454B3CEE20E308D100D95960 /* SelectPopupViewController.swift in Sources */ = {isa = PBXBuildFile; fileRef = 454B3CED20E308D100D95960 /* SelectPopupViewController.swift */; };
		454B3CF120E414EC00D95960 /* CodeScan.bundle in Resources */ = {isa = PBXBuildFile; fileRef = 454B3CF020E414EB00D95960 /* CodeScan.bundle */; };
		454B3CF920E4150300D95960 /* CWScanLineAnimation.swift in Sources */ = {isa = PBXBuildFile; fileRef = 454B3CF220E4150200D95960 /* CWScanLineAnimation.swift */; };
		454B3CFA20E4150300D95960 /* CWScanViewStyle.swift in Sources */ = {isa = PBXBuildFile; fileRef = 454B3CF320E4150200D95960 /* CWScanViewStyle.swift */; };
		454B3CFB20E4150300D95960 /* CWScanView.swift in Sources */ = {isa = PBXBuildFile; fileRef = 454B3CF420E4150200D95960 /* CWScanView.swift */; };
		454B3CFC20E4150300D95960 /* CWScanViewController.swift in Sources */ = {isa = PBXBuildFile; fileRef = 454B3CF520E4150200D95960 /* CWScanViewController.swift */; };
		454B3CFD20E4150300D95960 /* CWXScanNetAnimation.swift in Sources */ = {isa = PBXBuildFile; fileRef = 454B3CF620E4150300D95960 /* CWXScanNetAnimation.swift */; };
		454B3CFE20E4150300D95960 /* CWScanWrapper.swift in Sources */ = {isa = PBXBuildFile; fileRef = 454B3CF720E4150300D95960 /* CWScanWrapper.swift */; };
		454B3CFF20E4150300D95960 /* CWPermissions.swift in Sources */ = {isa = PBXBuildFile; fileRef = 454B3CF820E4150300D95960 /* CWPermissions.swift */; };
		454B3D0120E4158400D95960 /* QQScanViewController.swift in Sources */ = {isa = PBXBuildFile; fileRef = 454B3D0020E4158400D95960 /* QQScanViewController.swift */; };
		454B3D0320E44FEB00D95960 /* UIColorHelper.swift in Sources */ = {isa = PBXBuildFile; fileRef = 454B3D0220E44FEB00D95960 /* UIColorHelper.swift */; };
		454B3D0720E5725700D95960 /* NotificationBarConfiguration.swift in Sources */ = {isa = PBXBuildFile; fileRef = 454B3D0420E5725700D95960 /* NotificationBarConfiguration.swift */; };
		454B3D0820E5725700D95960 /* NotificationBarStyle.swift in Sources */ = {isa = PBXBuildFile; fileRef = 454B3D0520E5725700D95960 /* NotificationBarStyle.swift */; };
		454B3D0920E5725700D95960 /* NotificationBar.swift in Sources */ = {isa = PBXBuildFile; fileRef = 454B3D0620E5725700D95960 /* NotificationBar.swift */; };
		4576CB9A20D8285900D53F44 /* Chain.swift in Sources */ = {isa = PBXBuildFile; fileRef = 4576CB9920D8285900D53F44 /* Chain.swift */; };
		4576CB9C20D891AC00D53F44 /* Ethereum.swift in Sources */ = {isa = PBXBuildFile; fileRef = 4576CB9B20D891AC00D53F44 /* Ethereum.swift */; };
		4576CBA120D8AF1600D53F44 /* KeystoreService.swift in Sources */ = {isa = PBXBuildFile; fileRef = 4576CBA020D8AF1600D53F44 /* KeystoreService.swift */; };
		4576CBA320D97A7B00D53F44 /* GasService.swift in Sources */ = {isa = PBXBuildFile; fileRef = 4576CBA220D97A7B00D53F44 /* GasService.swift */; };
		4576CBA520D97B2800D53F44 /* StandardSyncCoordinator.swift in Sources */ = {isa = PBXBuildFile; fileRef = 4576CBA420D97B2800D53F44 /* StandardSyncCoordinator.swift */; };
		4576CBA920D987D600D53F44 /* TransactionFactory.swift in Sources */ = {isa = PBXBuildFile; fileRef = 4576CBA820D987D600D53F44 /* TransactionFactory.swift */; };
		4576CBAB20DB4BEC00D53F44 /* APIRate.swift in Sources */ = {isa = PBXBuildFile; fileRef = 4576CBAA20DB4BEC00D53F44 /* APIRate.swift */; };
		4584626420E0A96A004476AA /* ReceivedPopupViewController.swift in Sources */ = {isa = PBXBuildFile; fileRef = 4584626120E0A969004476AA /* ReceivedPopupViewController.swift */; };
		4584626620E0A96A004476AA /* ReceivedPopupView.swift in Sources */ = {isa = PBXBuildFile; fileRef = 4584626320E0A96A004476AA /* ReceivedPopupView.swift */; };
		4584627620E0ACEB004476AA /* CGRect+Inset.swift in Sources */ = {isa = PBXBuildFile; fileRef = 4584626820E0ACE9004476AA /* CGRect+Inset.swift */; };
		4584627720E0ACEB004476AA /* UIView+Shape.swift in Sources */ = {isa = PBXBuildFile; fileRef = 4584626920E0ACE9004476AA /* UIView+Shape.swift */; };
		4584627920E0ACEB004476AA /* PopupViewContainable.swift in Sources */ = {isa = PBXBuildFile; fileRef = 4584626B20E0ACE9004476AA /* PopupViewContainable.swift */; };
		4584627A20E0ACEB004476AA /* PopupItem.swift in Sources */ = {isa = PBXBuildFile; fileRef = 4584626C20E0ACEA004476AA /* PopupItem.swift */; };
		4584627B20E0ACEB004476AA /* PopupContainerView.swift in Sources */ = {isa = PBXBuildFile; fileRef = 4584626D20E0ACEA004476AA /* PopupContainerView.swift */; };
		4584627C20E0ACEB004476AA /* ShapeType.swift in Sources */ = {isa = PBXBuildFile; fileRef = 4584626E20E0ACEA004476AA /* ShapeType.swift */; };
		4584627D20E0ACEB004476AA /* PopupContainerWindow.swift in Sources */ = {isa = PBXBuildFile; fileRef = 4584626F20E0ACEA004476AA /* PopupContainerWindow.swift */; };
		4584627E20E0ACEB004476AA /* PopupWindowManager.swift in Sources */ = {isa = PBXBuildFile; fileRef = 4584627020E0ACEA004476AA /* PopupWindowManager.swift */; };
		4584627F20E0ACEB004476AA /* Animator.swift in Sources */ = {isa = PBXBuildFile; fileRef = 4584627120E0ACEA004476AA /* Animator.swift */; };
		4584628020E0ACEB004476AA /* BasePopupViewController.swift in Sources */ = {isa = PBXBuildFile; fileRef = 4584627320E0ACEB004476AA /* BasePopupViewController.swift */; };
		4584628120E0ACEB004476AA /* ViewType.swift in Sources */ = {isa = PBXBuildFile; fileRef = 4584627420E0ACEB004476AA /* ViewType.swift */; };
		4584628220E0ACEB004476AA /* PopupViewDirection.swift in Sources */ = {isa = PBXBuildFile; fileRef = 4584627520E0ACEB004476AA /* PopupViewDirection.swift */; };
		4584628820E140B1004476AA /* UIImageViewExtension.swift in Sources */ = {isa = PBXBuildFile; fileRef = 4584628420E140B0004476AA /* UIImageViewExtension.swift */; };
		4584628920E140B1004476AA /* QRCode.swift in Sources */ = {isa = PBXBuildFile; fileRef = 4584628520E140B0004476AA /* QRCode.swift */; };
		4584628A20E140B1004476AA /* CIColorExtension.swift in Sources */ = {isa = PBXBuildFile; fileRef = 4584628620E140B1004476AA /* CIColorExtension.swift */; };
		4584628B20E140B1004476AA /* CIImageExtension.swift in Sources */ = {isa = PBXBuildFile; fileRef = 4584628720E140B1004476AA /* CIImageExtension.swift */; };
		4584628C20E1CF45004476AA /* ReceivedPopupView.xib in Resources */ = {isa = PBXBuildFile; fileRef = 4584626220E0A96A004476AA /* ReceivedPopupView.xib */; };
		4584628E20E1DDC3004476AA /* SendPopupViewController.swift in Sources */ = {isa = PBXBuildFile; fileRef = 4584628D20E1DDC3004476AA /* SendPopupViewController.swift */; };
		4584629020E1DDD2004476AA /* SendPopupView.swift in Sources */ = {isa = PBXBuildFile; fileRef = 4584628F20E1DDD2004476AA /* SendPopupView.swift */; };
		4584629220E1DDF2004476AA /* SendPopupView.xib in Resources */ = {isa = PBXBuildFile; fileRef = 4584629120E1DDF2004476AA /* SendPopupView.xib */; };
		458DBDA720CF519500185170 /* Main.storyboard in Resources */ = {isa = PBXBuildFile; fileRef = 458DBDA520CF519500185170 /* Main.storyboard */; };
		458DBDAA20CF519500185170 /* Crypto_Wallet.xcdatamodeld in Sources */ = {isa = PBXBuildFile; fileRef = 458DBDA820CF519500185170 /* Crypto_Wallet.xcdatamodeld */; };
		458DBDAC20CF519700185170 /* Assets.xcassets in Resources */ = {isa = PBXBuildFile; fileRef = 458DBDAB20CF519700185170 /* Assets.xcassets */; };
		458DBDAF20CF519700185170 /* LaunchScreen.storyboard in Resources */ = {isa = PBXBuildFile; fileRef = 458DBDAD20CF519700185170 /* LaunchScreen.storyboard */; };
		458DBDBA20CF519700185170 /* Crypto_WalletTests.swift in Sources */ = {isa = PBXBuildFile; fileRef = 458DBDB920CF519700185170 /* Crypto_WalletTests.swift */; };
		458DBDC520CF519700185170 /* Crypto_WalletUITests.swift in Sources */ = {isa = PBXBuildFile; fileRef = 458DBDC420CF519700185170 /* Crypto_WalletUITests.swift */; };
		458ED92020D368E9004AEF22 /* WalletView.swift in Sources */ = {isa = PBXBuildFile; fileRef = 458ED91F20D368E9004AEF22 /* WalletView.swift */; };
		458ED92220D3691C004AEF22 /* CardView.swift in Sources */ = {isa = PBXBuildFile; fileRef = 458ED92120D3691C004AEF22 /* CardView.swift */; };
		458ED92520D36C57004AEF22 /* WalletCardView.xib in Resources */ = {isa = PBXBuildFile; fileRef = 458ED92320D36C56004AEF22 /* WalletCardView.xib */; };
		458ED92620D36C57004AEF22 /* WalletCardView.swift in Sources */ = {isa = PBXBuildFile; fileRef = 458ED92420D36C57004AEF22 /* WalletCardView.swift */; };
		45A8481120D0A7D800F88753 /* BuildHelper.swift in Sources */ = {isa = PBXBuildFile; fileRef = 45A8481020D0A7D800F88753 /* BuildHelper.swift */; };
		45A8481320D20EA600F88753 /* NetworkLoadable.swift in Sources */ = {isa = PBXBuildFile; fileRef = 45A8481220D20EA600F88753 /* NetworkLoadable.swift */; };
		45A8481520D2100000F88753 /* API.swift in Sources */ = {isa = PBXBuildFile; fileRef = 45A8481420D2100000F88753 /* API.swift */; };
		45A8481720D2101C00F88753 /* APIEth.swift in Sources */ = {isa = PBXBuildFile; fileRef = 45A8481620D2101C00F88753 /* APIEth.swift */; };
		45A8481A20D2149A00F88753 /* Ether.swift in Sources */ = {isa = PBXBuildFile; fileRef = 45A8481920D2149A00F88753 /* Ether.swift */; };
		45A8481C20D214C300F88753 /* Currency.swift in Sources */ = {isa = PBXBuildFile; fileRef = 45A8481B20D214C300F88753 /* Currency.swift */; };
		45A8481E20D214F400F88753 /* ValueHelper.swift in Sources */ = {isa = PBXBuildFile; fileRef = 45A8481D20D214F400F88753 /* ValueHelper.swift */; };
		45A8482020D2BA4500F88753 /* Constants.swift in Sources */ = {isa = PBXBuildFile; fileRef = 45A8481F20D2BA4500F88753 /* Constants.swift */; };
		45BAB80320CF781E006F5B68 /* AppDelegate.swift in Sources */ = {isa = PBXBuildFile; fileRef = 45BAB80120CF781E006F5B68 /* AppDelegate.swift */; };
		45BAB80420CF781E006F5B68 /* ViewController.swift in Sources */ = {isa = PBXBuildFile; fileRef = 45BAB80220CF781E006F5B68 /* ViewController.swift */; };
		45BAB80620CF7954006F5B68 /* EthereumTools.swift in Sources */ = {isa = PBXBuildFile; fileRef = 45BAB80520CF7954006F5B68 /* EthereumTools.swift */; };
		45BAB80920CF7B19006F5B68 /* UITools.swift in Sources */ = {isa = PBXBuildFile; fileRef = 45BAB80820CF7B19006F5B68 /* UITools.swift */; };
		45BAB80C20CF7C51006F5B68 /* StringHelper.swift in Sources */ = {isa = PBXBuildFile; fileRef = 45BAB80B20CF7C51006F5B68 /* StringHelper.swift */; };
		45D0352C20EC615E002A61FB /* Transaction.swift in Sources */ = {isa = PBXBuildFile; fileRef = 45D0352B20EC615D002A61FB /* Transaction.swift */; };
		45D0353620EDB4DF002A61FB /* String+Utility.swift in Sources */ = {isa = PBXBuildFile; fileRef = 45D0352F20EDB4DF002A61FB /* String+Utility.swift */; };
		45D0353720EDB4DF002A61FB /* TabularCollectionCell.xib in Resources */ = {isa = PBXBuildFile; fileRef = 45D0353020EDB4DF002A61FB /* TabularCollectionCell.xib */; };
		45D0353820EDB4DF002A61FB /* TabularLayout.swift in Sources */ = {isa = PBXBuildFile; fileRef = 45D0353120EDB4DF002A61FB /* TabularLayout.swift */; };
		45D0353920EDB4DF002A61FB /* TabularCollectionView.swift in Sources */ = {isa = PBXBuildFile; fileRef = 45D0353220EDB4DF002A61FB /* TabularCollectionView.swift */; };
		45D0353A20EDB4DF002A61FB /* Font.swift in Sources */ = {isa = PBXBuildFile; fileRef = 45D0353320EDB4DF002A61FB /* Font.swift */; };
		45D0353B20EDB4DF002A61FB /* Color.swift in Sources */ = {isa = PBXBuildFile; fileRef = 45D0353420EDB4DF002A61FB /* Color.swift */; };
		45D0353C20EDB4DF002A61FB /* TabularCollectionCell.swift in Sources */ = {isa = PBXBuildFile; fileRef = 45D0353520EDB4DF002A61FB /* TabularCollectionCell.swift */; };
		75CEBD6AF2F22E5E4E8838A9 /* Pods_Crypto_Wallet.framework in Frameworks */ = {isa = PBXBuildFile; fileRef = 485F7B0DE95FFC9C3FC11364 /* Pods_Crypto_Wallet.framework */; };
		A1EEFAB24EB9B1DBEE0E9BF3 /* Pods_Crypto_WalletTests.framework in Frameworks */ = {isa = PBXBuildFile; fileRef = 0D6F04586A649D0CB67DA989 /* Pods_Crypto_WalletTests.framework */; };
/* End PBXBuildFile section */

/* Begin PBXContainerItemProxy section */
		458DBDB620CF519700185170 /* PBXContainerItemProxy */ = {
			isa = PBXContainerItemProxy;
			containerPortal = 458DBD9620CF519500185170 /* Project object */;
			proxyType = 1;
			remoteGlobalIDString = 458DBD9D20CF519500185170;
			remoteInfo = "Crypto Wallet";
		};
		458DBDC120CF519700185170 /* PBXContainerItemProxy */ = {
			isa = PBXContainerItemProxy;
			containerPortal = 458DBD9620CF519500185170 /* Project object */;
			proxyType = 1;
			remoteGlobalIDString = 458DBD9D20CF519500185170;
			remoteInfo = "Crypto Wallet";
		};
/* End PBXContainerItemProxy section */

/* Begin PBXFileReference section */
		03A110548D1DC21459243496 /* Pods-Crypto WalletTests.debug.xcconfig */ = {isa = PBXFileReference; includeInIndex = 1; lastKnownFileType = text.xcconfig; name = "Pods-Crypto WalletTests.debug.xcconfig"; path = "Pods/Target Support Files/Pods-Crypto WalletTests/Pods-Crypto WalletTests.debug.xcconfig"; sourceTree = "<group>"; };
		0D6F04586A649D0CB67DA989 /* Pods_Crypto_WalletTests.framework */ = {isa = PBXFileReference; explicitFileType = wrapper.framework; includeInIndex = 0; path = Pods_Crypto_WalletTests.framework; sourceTree = BUILT_PRODUCTS_DIR; };
		0E09B949D41E61964BDA35E5 /* Pods-Crypto WalletUITests.debug.xcconfig */ = {isa = PBXFileReference; includeInIndex = 1; lastKnownFileType = text.xcconfig; name = "Pods-Crypto WalletUITests.debug.xcconfig"; path = "Pods/Target Support Files/Pods-Crypto WalletUITests/Pods-Crypto WalletUITests.debug.xcconfig"; sourceTree = "<group>"; };
		4517DA4A2172E79A000AC493 /* AddViewController.swift */ = {isa = PBXFileReference; lastKnownFileType = sourcecode.swift; path = AddViewController.swift; sourceTree = "<group>"; };
		4517DA4C21741765000AC493 /* AddGenerateWallet.swift */ = {isa = PBXFileReference; lastKnownFileType = sourcecode.swift; path = AddGenerateWallet.swift; sourceTree = "<group>"; };
		451BF66320E09C0C008C43F4 /* ReceivingViewController.swift */ = {isa = PBXFileReference; lastKnownFileType = sourcecode.swift; path = ReceivingViewController.swift; sourceTree = "<group>"; };
		454B3CE920E308B900D95960 /* SelectPopupView.xib */ = {isa = PBXFileReference; lastKnownFileType = file.xib; path = SelectPopupView.xib; sourceTree = "<group>"; };
		454B3CEB20E308C400D95960 /* SelectPopupView.swift */ = {isa = PBXFileReference; lastKnownFileType = sourcecode.swift; path = SelectPopupView.swift; sourceTree = "<group>"; };
		454B3CED20E308D100D95960 /* SelectPopupViewController.swift */ = {isa = PBXFileReference; lastKnownFileType = sourcecode.swift; path = SelectPopupViewController.swift; sourceTree = "<group>"; };
		454B3CF020E414EB00D95960 /* CodeScan.bundle */ = {isa = PBXFileReference; lastKnownFileType = "wrapper.plug-in"; path = CodeScan.bundle; sourceTree = "<group>"; };
		454B3CF220E4150200D95960 /* CWScanLineAnimation.swift */ = {isa = PBXFileReference; fileEncoding = 4; lastKnownFileType = sourcecode.swift; path = CWScanLineAnimation.swift; sourceTree = "<group>"; };
		454B3CF320E4150200D95960 /* CWScanViewStyle.swift */ = {isa = PBXFileReference; fileEncoding = 4; lastKnownFileType = sourcecode.swift; path = CWScanViewStyle.swift; sourceTree = "<group>"; };
		454B3CF420E4150200D95960 /* CWScanView.swift */ = {isa = PBXFileReference; fileEncoding = 4; lastKnownFileType = sourcecode.swift; path = CWScanView.swift; sourceTree = "<group>"; };
		454B3CF520E4150200D95960 /* CWScanViewController.swift */ = {isa = PBXFileReference; fileEncoding = 4; lastKnownFileType = sourcecode.swift; path = CWScanViewController.swift; sourceTree = "<group>"; };
		454B3CF620E4150300D95960 /* CWXScanNetAnimation.swift */ = {isa = PBXFileReference; fileEncoding = 4; lastKnownFileType = sourcecode.swift; path = CWXScanNetAnimation.swift; sourceTree = "<group>"; };
		454B3CF720E4150300D95960 /* CWScanWrapper.swift */ = {isa = PBXFileReference; fileEncoding = 4; lastKnownFileType = sourcecode.swift; path = CWScanWrapper.swift; sourceTree = "<group>"; };
		454B3CF820E4150300D95960 /* CWPermissions.swift */ = {isa = PBXFileReference; fileEncoding = 4; lastKnownFileType = sourcecode.swift; path = CWPermissions.swift; sourceTree = "<group>"; };
		454B3D0020E4158400D95960 /* QQScanViewController.swift */ = {isa = PBXFileReference; fileEncoding = 4; lastKnownFileType = sourcecode.swift; path = QQScanViewController.swift; sourceTree = "<group>"; };
		454B3D0220E44FEB00D95960 /* UIColorHelper.swift */ = {isa = PBXFileReference; lastKnownFileType = sourcecode.swift; path = UIColorHelper.swift; sourceTree = "<group>"; };
		454B3D0420E5725700D95960 /* NotificationBarConfiguration.swift */ = {isa = PBXFileReference; fileEncoding = 4; lastKnownFileType = sourcecode.swift; path = NotificationBarConfiguration.swift; sourceTree = "<group>"; };
		454B3D0520E5725700D95960 /* NotificationBarStyle.swift */ = {isa = PBXFileReference; fileEncoding = 4; lastKnownFileType = sourcecode.swift; path = NotificationBarStyle.swift; sourceTree = "<group>"; };
		454B3D0620E5725700D95960 /* NotificationBar.swift */ = {isa = PBXFileReference; fileEncoding = 4; lastKnownFileType = sourcecode.swift; path = NotificationBar.swift; sourceTree = "<group>"; };
		4576CB9920D8285900D53F44 /* Chain.swift */ = {isa = PBXFileReference; lastKnownFileType = sourcecode.swift; path = Chain.swift; sourceTree = "<group>"; };
		4576CB9B20D891AC00D53F44 /* Ethereum.swift */ = {isa = PBXFileReference; lastKnownFileType = sourcecode.swift; path = Ethereum.swift; sourceTree = "<group>"; };
		4576CBA020D8AF1600D53F44 /* KeystoreService.swift */ = {isa = PBXFileReference; lastKnownFileType = sourcecode.swift; path = KeystoreService.swift; sourceTree = "<group>"; };
		4576CBA220D97A7B00D53F44 /* GasService.swift */ = {isa = PBXFileReference; lastKnownFileType = sourcecode.swift; path = GasService.swift; sourceTree = "<group>"; };
		4576CBA420D97B2800D53F44 /* StandardSyncCoordinator.swift */ = {isa = PBXFileReference; lastKnownFileType = sourcecode.swift; path = StandardSyncCoordinator.swift; sourceTree = "<group>"; };
		4576CBA820D987D600D53F44 /* TransactionFactory.swift */ = {isa = PBXFileReference; lastKnownFileType = sourcecode.swift; path = TransactionFactory.swift; sourceTree = "<group>"; };
		4576CBAA20DB4BEC00D53F44 /* APIRate.swift */ = {isa = PBXFileReference; lastKnownFileType = sourcecode.swift; path = APIRate.swift; sourceTree = "<group>"; };
		4584626120E0A969004476AA /* ReceivedPopupViewController.swift */ = {isa = PBXFileReference; fileEncoding = 4; lastKnownFileType = sourcecode.swift; path = ReceivedPopupViewController.swift; sourceTree = "<group>"; };
		4584626220E0A96A004476AA /* ReceivedPopupView.xib */ = {isa = PBXFileReference; fileEncoding = 4; lastKnownFileType = file.xib; path = ReceivedPopupView.xib; sourceTree = "<group>"; };
		4584626320E0A96A004476AA /* ReceivedPopupView.swift */ = {isa = PBXFileReference; fileEncoding = 4; lastKnownFileType = sourcecode.swift; path = ReceivedPopupView.swift; sourceTree = "<group>"; };
		4584626820E0ACE9004476AA /* CGRect+Inset.swift */ = {isa = PBXFileReference; fileEncoding = 4; lastKnownFileType = sourcecode.swift; path = "CGRect+Inset.swift"; sourceTree = "<group>"; };
		4584626920E0ACE9004476AA /* UIView+Shape.swift */ = {isa = PBXFileReference; fileEncoding = 4; lastKnownFileType = sourcecode.swift; path = "UIView+Shape.swift"; sourceTree = "<group>"; };
		4584626B20E0ACE9004476AA /* PopupViewContainable.swift */ = {isa = PBXFileReference; fileEncoding = 4; lastKnownFileType = sourcecode.swift; path = PopupViewContainable.swift; sourceTree = "<group>"; };
		4584626C20E0ACEA004476AA /* PopupItem.swift */ = {isa = PBXFileReference; fileEncoding = 4; lastKnownFileType = sourcecode.swift; path = PopupItem.swift; sourceTree = "<group>"; };
		4584626D20E0ACEA004476AA /* PopupContainerView.swift */ = {isa = PBXFileReference; fileEncoding = 4; lastKnownFileType = sourcecode.swift; path = PopupContainerView.swift; sourceTree = "<group>"; };
		4584626E20E0ACEA004476AA /* ShapeType.swift */ = {isa = PBXFileReference; fileEncoding = 4; lastKnownFileType = sourcecode.swift; path = ShapeType.swift; sourceTree = "<group>"; };
		4584626F20E0ACEA004476AA /* PopupContainerWindow.swift */ = {isa = PBXFileReference; fileEncoding = 4; lastKnownFileType = sourcecode.swift; path = PopupContainerWindow.swift; sourceTree = "<group>"; };
		4584627020E0ACEA004476AA /* PopupWindowManager.swift */ = {isa = PBXFileReference; fileEncoding = 4; lastKnownFileType = sourcecode.swift; path = PopupWindowManager.swift; sourceTree = "<group>"; };
		4584627120E0ACEA004476AA /* Animator.swift */ = {isa = PBXFileReference; fileEncoding = 4; lastKnownFileType = sourcecode.swift; path = Animator.swift; sourceTree = "<group>"; };
		4584627320E0ACEB004476AA /* BasePopupViewController.swift */ = {isa = PBXFileReference; fileEncoding = 4; lastKnownFileType = sourcecode.swift; path = BasePopupViewController.swift; sourceTree = "<group>"; };
		4584627420E0ACEB004476AA /* ViewType.swift */ = {isa = PBXFileReference; fileEncoding = 4; lastKnownFileType = sourcecode.swift; path = ViewType.swift; sourceTree = "<group>"; };
		4584627520E0ACEB004476AA /* PopupViewDirection.swift */ = {isa = PBXFileReference; fileEncoding = 4; lastKnownFileType = sourcecode.swift; path = PopupViewDirection.swift; sourceTree = "<group>"; };
		4584628420E140B0004476AA /* UIImageViewExtension.swift */ = {isa = PBXFileReference; fileEncoding = 4; lastKnownFileType = sourcecode.swift; path = UIImageViewExtension.swift; sourceTree = "<group>"; };
		4584628520E140B0004476AA /* QRCode.swift */ = {isa = PBXFileReference; fileEncoding = 4; lastKnownFileType = sourcecode.swift; path = QRCode.swift; sourceTree = "<group>"; };
		4584628620E140B1004476AA /* CIColorExtension.swift */ = {isa = PBXFileReference; fileEncoding = 4; lastKnownFileType = sourcecode.swift; path = CIColorExtension.swift; sourceTree = "<group>"; };
		4584628720E140B1004476AA /* CIImageExtension.swift */ = {isa = PBXFileReference; fileEncoding = 4; lastKnownFileType = sourcecode.swift; path = CIImageExtension.swift; sourceTree = "<group>"; };
		4584628D20E1DDC3004476AA /* SendPopupViewController.swift */ = {isa = PBXFileReference; lastKnownFileType = sourcecode.swift; path = SendPopupViewController.swift; sourceTree = "<group>"; };
		4584628F20E1DDD2004476AA /* SendPopupView.swift */ = {isa = PBXFileReference; lastKnownFileType = sourcecode.swift; path = SendPopupView.swift; sourceTree = "<group>"; };
		4584629120E1DDF2004476AA /* SendPopupView.xib */ = {isa = PBXFileReference; lastKnownFileType = file.xib; path = SendPopupView.xib; sourceTree = "<group>"; };
		458DBD9E20CF519500185170 /* Crypto Wallet.app */ = {isa = PBXFileReference; explicitFileType = wrapper.application; includeInIndex = 0; path = "Crypto Wallet.app"; sourceTree = BUILT_PRODUCTS_DIR; };
		458DBDA620CF519500185170 /* Base */ = {isa = PBXFileReference; lastKnownFileType = file.storyboard; name = Base; path = Base.lproj/Main.storyboard; sourceTree = "<group>"; };
		458DBDA920CF519500185170 /* Crypto_Wallet.xcdatamodel */ = {isa = PBXFileReference; lastKnownFileType = wrapper.xcdatamodel; path = Crypto_Wallet.xcdatamodel; sourceTree = "<group>"; };
		458DBDAB20CF519700185170 /* Assets.xcassets */ = {isa = PBXFileReference; lastKnownFileType = folder.assetcatalog; path = Assets.xcassets; sourceTree = "<group>"; };
		458DBDAE20CF519700185170 /* Base */ = {isa = PBXFileReference; lastKnownFileType = file.storyboard; name = Base; path = Base.lproj/LaunchScreen.storyboard; sourceTree = "<group>"; };
		458DBDB020CF519700185170 /* Info.plist */ = {isa = PBXFileReference; lastKnownFileType = text.plist.xml; path = Info.plist; sourceTree = "<group>"; };
		458DBDB520CF519700185170 /* Crypto WalletTests.xctest */ = {isa = PBXFileReference; explicitFileType = wrapper.cfbundle; includeInIndex = 0; path = "Crypto WalletTests.xctest"; sourceTree = BUILT_PRODUCTS_DIR; };
		458DBDB920CF519700185170 /* Crypto_WalletTests.swift */ = {isa = PBXFileReference; lastKnownFileType = sourcecode.swift; path = Crypto_WalletTests.swift; sourceTree = "<group>"; };
		458DBDBB20CF519700185170 /* Info.plist */ = {isa = PBXFileReference; lastKnownFileType = text.plist.xml; path = Info.plist; sourceTree = "<group>"; };
		458DBDC020CF519700185170 /* Crypto WalletUITests.xctest */ = {isa = PBXFileReference; explicitFileType = wrapper.cfbundle; includeInIndex = 0; path = "Crypto WalletUITests.xctest"; sourceTree = BUILT_PRODUCTS_DIR; };
		458DBDC420CF519700185170 /* Crypto_WalletUITests.swift */ = {isa = PBXFileReference; lastKnownFileType = sourcecode.swift; path = Crypto_WalletUITests.swift; sourceTree = "<group>"; };
		458DBDC620CF519700185170 /* Info.plist */ = {isa = PBXFileReference; lastKnownFileType = text.plist.xml; path = Info.plist; sourceTree = "<group>"; };
		458ED91F20D368E9004AEF22 /* WalletView.swift */ = {isa = PBXFileReference; lastKnownFileType = sourcecode.swift; path = WalletView.swift; sourceTree = "<group>"; };
		458ED92120D3691C004AEF22 /* CardView.swift */ = {isa = PBXFileReference; lastKnownFileType = sourcecode.swift; path = CardView.swift; sourceTree = "<group>"; };
		458ED92320D36C56004AEF22 /* WalletCardView.xib */ = {isa = PBXFileReference; fileEncoding = 4; lastKnownFileType = file.xib; path = WalletCardView.xib; sourceTree = "<group>"; };
		458ED92420D36C57004AEF22 /* WalletCardView.swift */ = {isa = PBXFileReference; fileEncoding = 4; lastKnownFileType = sourcecode.swift; path = WalletCardView.swift; sourceTree = "<group>"; };
		45A8481020D0A7D800F88753 /* BuildHelper.swift */ = {isa = PBXFileReference; lastKnownFileType = sourcecode.swift; path = BuildHelper.swift; sourceTree = "<group>"; };
		45A8481220D20EA600F88753 /* NetworkLoadable.swift */ = {isa = PBXFileReference; lastKnownFileType = sourcecode.swift; path = NetworkLoadable.swift; sourceTree = "<group>"; };
		45A8481420D2100000F88753 /* API.swift */ = {isa = PBXFileReference; lastKnownFileType = sourcecode.swift; path = API.swift; sourceTree = "<group>"; };
		45A8481620D2101C00F88753 /* APIEth.swift */ = {isa = PBXFileReference; lastKnownFileType = sourcecode.swift; path = APIEth.swift; sourceTree = "<group>"; };
		45A8481920D2149A00F88753 /* Ether.swift */ = {isa = PBXFileReference; lastKnownFileType = sourcecode.swift; path = Ether.swift; sourceTree = "<group>"; };
		45A8481B20D214C300F88753 /* Currency.swift */ = {isa = PBXFileReference; lastKnownFileType = sourcecode.swift; path = Currency.swift; sourceTree = "<group>"; };
		45A8481D20D214F400F88753 /* ValueHelper.swift */ = {isa = PBXFileReference; lastKnownFileType = sourcecode.swift; path = ValueHelper.swift; sourceTree = "<group>"; };
		45A8481F20D2BA4500F88753 /* Constants.swift */ = {isa = PBXFileReference; lastKnownFileType = sourcecode.swift; path = Constants.swift; sourceTree = "<group>"; };
		45BAB80020CF781D006F5B68 /* Crypto Wallet-Bridging-Header.h */ = {isa = PBXFileReference; lastKnownFileType = sourcecode.c.h; path = "Crypto Wallet-Bridging-Header.h"; sourceTree = "<group>"; };
		45BAB80120CF781E006F5B68 /* AppDelegate.swift */ = {isa = PBXFileReference; fileEncoding = 4; lastKnownFileType = sourcecode.swift; name = AppDelegate.swift; path = "Crypto Wallet/AppMain/AppDelegate.swift"; sourceTree = SOURCE_ROOT; };
		45BAB80220CF781E006F5B68 /* ViewController.swift */ = {isa = PBXFileReference; fileEncoding = 4; lastKnownFileType = sourcecode.swift; name = ViewController.swift; path = "Crypto Wallet/AppMain/ViewController.swift"; sourceTree = SOURCE_ROOT; };
		45BAB80520CF7954006F5B68 /* EthereumTools.swift */ = {isa = PBXFileReference; lastKnownFileType = sourcecode.swift; name = EthereumTools.swift; path = "Crypto Wallet/Tools/EthereumTools.swift"; sourceTree = SOURCE_ROOT; };
		45BAB80820CF7B19006F5B68 /* UITools.swift */ = {isa = PBXFileReference; lastKnownFileType = sourcecode.swift; path = UITools.swift; sourceTree = "<group>"; };
		45BAB80B20CF7C51006F5B68 /* StringHelper.swift */ = {isa = PBXFileReference; lastKnownFileType = sourcecode.swift; name = StringHelper.swift; path = Helpers/StringHelper.swift; sourceTree = SOURCE_ROOT; };
		45D0352B20EC615D002A61FB /* Transaction.swift */ = {isa = PBXFileReference; lastKnownFileType = sourcecode.swift; path = Transaction.swift; sourceTree = "<group>"; };
		45D0352F20EDB4DF002A61FB /* String+Utility.swift */ = {isa = PBXFileReference; fileEncoding = 4; lastKnownFileType = sourcecode.swift; path = "String+Utility.swift"; sourceTree = "<group>"; };
		45D0353020EDB4DF002A61FB /* TabularCollectionCell.xib */ = {isa = PBXFileReference; fileEncoding = 4; lastKnownFileType = file.xib; path = TabularCollectionCell.xib; sourceTree = "<group>"; };
		45D0353120EDB4DF002A61FB /* TabularLayout.swift */ = {isa = PBXFileReference; fileEncoding = 4; lastKnownFileType = sourcecode.swift; path = TabularLayout.swift; sourceTree = "<group>"; };
		45D0353220EDB4DF002A61FB /* TabularCollectionView.swift */ = {isa = PBXFileReference; fileEncoding = 4; lastKnownFileType = sourcecode.swift; path = TabularCollectionView.swift; sourceTree = "<group>"; };
		45D0353320EDB4DF002A61FB /* Font.swift */ = {isa = PBXFileReference; fileEncoding = 4; lastKnownFileType = sourcecode.swift; path = Font.swift; sourceTree = "<group>"; };
		45D0353420EDB4DF002A61FB /* Color.swift */ = {isa = PBXFileReference; fileEncoding = 4; lastKnownFileType = sourcecode.swift; path = Color.swift; sourceTree = "<group>"; };
		45D0353520EDB4DF002A61FB /* TabularCollectionCell.swift */ = {isa = PBXFileReference; fileEncoding = 4; lastKnownFileType = sourcecode.swift; path = TabularCollectionCell.swift; sourceTree = "<group>"; };
		485F7B0DE95FFC9C3FC11364 /* Pods_Crypto_Wallet.framework */ = {isa = PBXFileReference; explicitFileType = wrapper.framework; includeInIndex = 0; path = Pods_Crypto_Wallet.framework; sourceTree = BUILT_PRODUCTS_DIR; };
		5967F890B0F2997B0E46ABE3 /* Pods-Crypto WalletTests.release.xcconfig */ = {isa = PBXFileReference; includeInIndex = 1; lastKnownFileType = text.xcconfig; name = "Pods-Crypto WalletTests.release.xcconfig"; path = "Pods/Target Support Files/Pods-Crypto WalletTests/Pods-Crypto WalletTests.release.xcconfig"; sourceTree = "<group>"; };
		79335E0002F8E9FE1C1DAD51 /* Pods-Crypto WalletUITests.release.xcconfig */ = {isa = PBXFileReference; includeInIndex = 1; lastKnownFileType = text.xcconfig; name = "Pods-Crypto WalletUITests.release.xcconfig"; path = "Pods/Target Support Files/Pods-Crypto WalletUITests/Pods-Crypto WalletUITests.release.xcconfig"; sourceTree = "<group>"; };
		841FA81ED6E9252EA2034E89 /* Pods_Crypto_WalletUITests.framework */ = {isa = PBXFileReference; explicitFileType = wrapper.framework; includeInIndex = 0; path = Pods_Crypto_WalletUITests.framework; sourceTree = BUILT_PRODUCTS_DIR; };
		A18C4FF739E61EF7A4028FAF /* Pods-Crypto Wallet.debug.xcconfig */ = {isa = PBXFileReference; includeInIndex = 1; lastKnownFileType = text.xcconfig; name = "Pods-Crypto Wallet.debug.xcconfig"; path = "Pods/Target Support Files/Pods-Crypto Wallet/Pods-Crypto Wallet.debug.xcconfig"; sourceTree = "<group>"; };
		ABB93DB720B0D6B1B1413128 /* Pods-Crypto Wallet.release.xcconfig */ = {isa = PBXFileReference; includeInIndex = 1; lastKnownFileType = text.xcconfig; name = "Pods-Crypto Wallet.release.xcconfig"; path = "Pods/Target Support Files/Pods-Crypto Wallet/Pods-Crypto Wallet.release.xcconfig"; sourceTree = "<group>"; };
/* End PBXFileReference section */

/* Begin PBXFrameworksBuildPhase section */
		458DBD9B20CF519500185170 /* Frameworks */ = {
			isa = PBXFrameworksBuildPhase;
			buildActionMask = 2147483647;
			files = (
				75CEBD6AF2F22E5E4E8838A9 /* Pods_Crypto_Wallet.framework in Frameworks */,
			);
			runOnlyForDeploymentPostprocessing = 0;
		};
		458DBDB220CF519700185170 /* Frameworks */ = {
			isa = PBXFrameworksBuildPhase;
			buildActionMask = 2147483647;
			files = (
				A1EEFAB24EB9B1DBEE0E9BF3 /* Pods_Crypto_WalletTests.framework in Frameworks */,
			);
			runOnlyForDeploymentPostprocessing = 0;
		};
		458DBDBD20CF519700185170 /* Frameworks */ = {
			isa = PBXFrameworksBuildPhase;
			buildActionMask = 2147483647;
			files = (
				1239A067818F4D245F08E693 /* Pods_Crypto_WalletUITests.framework in Frameworks */,
			);
			runOnlyForDeploymentPostprocessing = 0;
		};
/* End PBXFrameworksBuildPhase section */

/* Begin PBXGroup section */
		2AA79C7CEF1F984ADDC1E268 /* Frameworks */ = {
			isa = PBXGroup;
			children = (
				485F7B0DE95FFC9C3FC11364 /* Pods_Crypto_Wallet.framework */,
				0D6F04586A649D0CB67DA989 /* Pods_Crypto_WalletTests.framework */,
				841FA81ED6E9252EA2034E89 /* Pods_Crypto_WalletUITests.framework */,
			);
			name = Frameworks;
			sourceTree = "<group>";
		};
		454B3CEF20E3EC3700D95960 /* Scanner */ = {
			isa = PBXGroup;
			children = (
				454B3D0020E4158400D95960 /* QQScanViewController.swift */,
				454B3CF820E4150300D95960 /* CWPermissions.swift */,
				454B3CF220E4150200D95960 /* CWScanLineAnimation.swift */,
				454B3CF620E4150300D95960 /* CWXScanNetAnimation.swift */,
				454B3CF420E4150200D95960 /* CWScanView.swift */,
				454B3CF520E4150200D95960 /* CWScanViewController.swift */,
				454B3CF320E4150200D95960 /* CWScanViewStyle.swift */,
				454B3CF720E4150300D95960 /* CWScanWrapper.swift */,
				454B3CF020E414EB00D95960 /* CodeScan.bundle */,
			);
			path = Scanner;
			sourceTree = "<group>";
		};
		454B3D0A20E5E1AB00D95960 /* Notification */ = {
			isa = PBXGroup;
			children = (
				454B3D0420E5725700D95960 /* NotificationBarConfiguration.swift */,
				454B3D0520E5725700D95960 /* NotificationBarStyle.swift */,
				454B3D0620E5725700D95960 /* NotificationBar.swift */,
			);
			path = Notification;
			sourceTree = "<group>";
		};
		4576CB9F20D8AF0200D53F44 /* Services */ = {
			isa = PBXGroup;
			children = (
				4576CBA020D8AF1600D53F44 /* KeystoreService.swift */,
				4576CBA220D97A7B00D53F44 /* GasService.swift */,
				4576CBA420D97B2800D53F44 /* StandardSyncCoordinator.swift */,
				4576CBA820D987D600D53F44 /* TransactionFactory.swift */,
			);
			path = Services;
			sourceTree = "<group>";
		};
		4584628320E1409A004476AA /* QR Helper */ = {
			isa = PBXGroup;
			children = (
				4584628620E140B1004476AA /* CIColorExtension.swift */,
				4584628720E140B1004476AA /* CIImageExtension.swift */,
				4584628520E140B0004476AA /* QRCode.swift */,
				4584628420E140B0004476AA /* UIImageViewExtension.swift */,
			);
			path = "QR Helper";
			sourceTree = "<group>";
		};
		458DBD9520CF519500185170 = {
			isa = PBXGroup;
			children = (
				458DBDA020CF519500185170 /* Crypto Wallet */,
				458DBDB820CF519700185170 /* Crypto WalletTests */,
				458DBDC320CF519700185170 /* Crypto WalletUITests */,
				458DBD9F20CF519500185170 /* Products */,
				C2E8C6D6D621DB59EA03CCB7 /* Pods */,
				2AA79C7CEF1F984ADDC1E268 /* Frameworks */,
			);
			sourceTree = "<group>";
		};
		458DBD9F20CF519500185170 /* Products */ = {
			isa = PBXGroup;
			children = (
				458DBD9E20CF519500185170 /* Crypto Wallet.app */,
				458DBDB520CF519700185170 /* Crypto WalletTests.xctest */,
				458DBDC020CF519700185170 /* Crypto WalletUITests.xctest */,
			);
			name = Products;
			sourceTree = "<group>";
		};
		458DBDA020CF519500185170 /* Crypto Wallet */ = {
			isa = PBXGroup;
			children = (
				45D0352D20EDB4B7002A61FB /* 3rdPartyLib */,
				458DBDB020CF519700185170 /* Info.plist */,
				454B3D0A20E5E1AB00D95960 /* Notification */,
				454B3CEF20E3EC3700D95960 /* Scanner */,
				4576CB9F20D8AF0200D53F44 /* Services */,
				458ED91C20D2FC05004AEF22 /* AppMain */,
				458ED91B20D2FBED004AEF22 /* Common */,
				45A8481820D2147800F88753 /* CurrencyModel */,
				45BAB80A20CF7C30006F5B68 /* Helpers */,
				45BAB80720CF79C8006F5B68 /* Tools */,
				458ED91E20D368C0004AEF22 /* View */,
				458ED91D20D2FC20004AEF22 /* Assets */,
				45BAB80020CF781D006F5B68 /* Crypto Wallet-Bridging-Header.h */,
			);
			path = "Crypto Wallet";
			sourceTree = "<group>";
		};
		458DBDB820CF519700185170 /* Crypto WalletTests */ = {
			isa = PBXGroup;
			children = (
				458DBDB920CF519700185170 /* Crypto_WalletTests.swift */,
				458DBDBB20CF519700185170 /* Info.plist */,
			);
			path = "Crypto WalletTests";
			sourceTree = "<group>";
		};
		458DBDC320CF519700185170 /* Crypto WalletUITests */ = {
			isa = PBXGroup;
			children = (
				458DBDC420CF519700185170 /* Crypto_WalletUITests.swift */,
				458DBDC620CF519700185170 /* Info.plist */,
			);
			path = "Crypto WalletUITests";
			sourceTree = "<group>";
		};
		458ED91B20D2FBED004AEF22 /* Common */ = {
			isa = PBXGroup;
			children = (
				45A8481420D2100000F88753 /* API.swift */,
				45A8481F20D2BA4500F88753 /* Constants.swift */,
				45A8481620D2101C00F88753 /* APIEth.swift */,
				4576CB9920D8285900D53F44 /* Chain.swift */,
				4576CB9B20D891AC00D53F44 /* Ethereum.swift */,
				4576CBAA20DB4BEC00D53F44 /* APIRate.swift */,
				45D0352B20EC615D002A61FB /* Transaction.swift */,
			);
			path = Common;
			sourceTree = "<group>";
		};
		458ED91C20D2FC05004AEF22 /* AppMain */ = {
			isa = PBXGroup;
			children = (
				45BAB80220CF781E006F5B68 /* ViewController.swift */,
				45BAB80120CF781E006F5B68 /* AppDelegate.swift */,
				451BF66320E09C0C008C43F4 /* ReceivingViewController.swift */,
				4517DA4A2172E79A000AC493 /* AddViewController.swift */,
				4517DA4C21741765000AC493 /* AddGenerateWallet.swift */,
			);
			path = AppMain;
			sourceTree = "<group>";
		};
		458ED91D20D2FC20004AEF22 /* Assets */ = {
			isa = PBXGroup;
			children = (
				458DBDA820CF519500185170 /* Crypto_Wallet.xcdatamodeld */,
				458DBDAD20CF519700185170 /* LaunchScreen.storyboard */,
				458DBDAB20CF519700185170 /* Assets.xcassets */,
				458DBDA520CF519500185170 /* Main.storyboard */,
			);
			path = Assets;
			sourceTree = "<group>";
		};
		458ED91E20D368C0004AEF22 /* View */ = {
			isa = PBXGroup;
			children = (
				4584627120E0ACEA004476AA /* Animator.swift */,
				4584627320E0ACEB004476AA /* BasePopupViewController.swift */,
				4584626D20E0ACEA004476AA /* PopupContainerView.swift */,
				4584626F20E0ACEA004476AA /* PopupContainerWindow.swift */,
				4584626C20E0ACEA004476AA /* PopupItem.swift */,
				4584626B20E0ACE9004476AA /* PopupViewContainable.swift */,
				4584627520E0ACEB004476AA /* PopupViewDirection.swift */,
				4584627020E0ACEA004476AA /* PopupWindowManager.swift */,
				4584626E20E0ACEA004476AA /* ShapeType.swift */,
				4584627420E0ACEB004476AA /* ViewType.swift */,
				4584626320E0A96A004476AA /* ReceivedPopupView.swift */,
				4584626220E0A96A004476AA /* ReceivedPopupView.xib */,
				4584626120E0A969004476AA /* ReceivedPopupViewController.swift */,
				458ED92420D36C57004AEF22 /* WalletCardView.swift */,
				458ED92320D36C56004AEF22 /* WalletCardView.xib */,
				458ED91F20D368E9004AEF22 /* WalletView.swift */,
				458ED92120D3691C004AEF22 /* CardView.swift */,
				4584628D20E1DDC3004476AA /* SendPopupViewController.swift */,
				4584628F20E1DDD2004476AA /* SendPopupView.swift */,
				4584629120E1DDF2004476AA /* SendPopupView.xib */,
				454B3CE920E308B900D95960 /* SelectPopupView.xib */,
				454B3CEB20E308C400D95960 /* SelectPopupView.swift */,
				454B3CED20E308D100D95960 /* SelectPopupViewController.swift */,
			);
			path = View;
			sourceTree = "<group>";
		};
		45A8481820D2147800F88753 /* CurrencyModel */ = {
			isa = PBXGroup;
			children = (
				45A8481920D2149A00F88753 /* Ether.swift */,
				45A8481B20D214C300F88753 /* Currency.swift */,
			);
			path = CurrencyModel;
			sourceTree = "<group>";
		};
		45BAB80720CF79C8006F5B68 /* Tools */ = {
			isa = PBXGroup;
			children = (
				45A8481220D20EA600F88753 /* NetworkLoadable.swift */,
				45BAB80520CF7954006F5B68 /* EthereumTools.swift */,
				45BAB80820CF7B19006F5B68 /* UITools.swift */,
			);
			path = Tools;
			sourceTree = "<group>";
		};
		45BAB80A20CF7C30006F5B68 /* Helpers */ = {
			isa = PBXGroup;
			children = (
				4584628320E1409A004476AA /* QR Helper */,
				45BAB80B20CF7C51006F5B68 /* StringHelper.swift */,
				45A8481020D0A7D800F88753 /* BuildHelper.swift */,
				45A8481D20D214F400F88753 /* ValueHelper.swift */,
				4584626820E0ACE9004476AA /* CGRect+Inset.swift */,
				4584626920E0ACE9004476AA /* UIView+Shape.swift */,
				454B3D0220E44FEB00D95960 /* UIColorHelper.swift */,
			);
			path = Helpers;
			sourceTree = "<group>";
		};
		45D0352D20EDB4B7002A61FB /* 3rdPartyLib */ = {
			isa = PBXGroup;
			children = (
				45D0352E20EDB4DF002A61FB /* TabularModule */,
			);
			path = 3rdPartyLib;
			sourceTree = "<group>";
		};
		45D0352E20EDB4DF002A61FB /* TabularModule */ = {
			isa = PBXGroup;
			children = (
				45D0352F20EDB4DF002A61FB /* String+Utility.swift */,
				45D0353020EDB4DF002A61FB /* TabularCollectionCell.xib */,
				45D0353120EDB4DF002A61FB /* TabularLayout.swift */,
				45D0353220EDB4DF002A61FB /* TabularCollectionView.swift */,
				45D0353320EDB4DF002A61FB /* Font.swift */,
				45D0353420EDB4DF002A61FB /* Color.swift */,
				45D0353520EDB4DF002A61FB /* TabularCollectionCell.swift */,
			);
			path = TabularModule;
			sourceTree = "<group>";
		};
		C2E8C6D6D621DB59EA03CCB7 /* Pods */ = {
			isa = PBXGroup;
			children = (
				A18C4FF739E61EF7A4028FAF /* Pods-Crypto Wallet.debug.xcconfig */,
				ABB93DB720B0D6B1B1413128 /* Pods-Crypto Wallet.release.xcconfig */,
				03A110548D1DC21459243496 /* Pods-Crypto WalletTests.debug.xcconfig */,
				5967F890B0F2997B0E46ABE3 /* Pods-Crypto WalletTests.release.xcconfig */,
				0E09B949D41E61964BDA35E5 /* Pods-Crypto WalletUITests.debug.xcconfig */,
				79335E0002F8E9FE1C1DAD51 /* Pods-Crypto WalletUITests.release.xcconfig */,
			);
			name = Pods;
			sourceTree = "<group>";
		};
/* End PBXGroup section */

/* Begin PBXNativeTarget section */
		458DBD9D20CF519500185170 /* Crypto Wallet */ = {
			isa = PBXNativeTarget;
			buildConfigurationList = 458DBDC920CF519700185170 /* Build configuration list for PBXNativeTarget "Crypto Wallet" */;
			buildPhases = (
				2ECBEBFF2ED098CF021D4D59 /* [CP] Check Pods Manifest.lock */,
				458DBD9A20CF519500185170 /* Sources */,
				458DBD9B20CF519500185170 /* Frameworks */,
				458DBD9C20CF519500185170 /* Resources */,
				D14FAE4519BF80FCF1E581DD /* [CP] Embed Pods Frameworks */,
				05C37AD4641E3861AFC6A823 /* [CP] Copy Pods Resources */,
			);
			buildRules = (
			);
			dependencies = (
			);
			name = "Crypto Wallet";
			productName = "Crypto Wallet";
			productReference = 458DBD9E20CF519500185170 /* Crypto Wallet.app */;
			productType = "com.apple.product-type.application";
		};
		458DBDB420CF519700185170 /* Crypto WalletTests */ = {
			isa = PBXNativeTarget;
			buildConfigurationList = 458DBDCC20CF519700185170 /* Build configuration list for PBXNativeTarget "Crypto WalletTests" */;
			buildPhases = (
				27E3C3E4ED6F1F0F5219F9C9 /* [CP] Check Pods Manifest.lock */,
				458DBDB120CF519700185170 /* Sources */,
				458DBDB220CF519700185170 /* Frameworks */,
				458DBDB320CF519700185170 /* Resources */,
				91016EEF64B059A83A58B67E /* [CP] Embed Pods Frameworks */,
				27D7314BA39EC1E7BD0C442E /* [CP] Copy Pods Resources */,
			);
			buildRules = (
			);
			dependencies = (
				458DBDB720CF519700185170 /* PBXTargetDependency */,
			);
			name = "Crypto WalletTests";
			productName = "Crypto WalletTests";
			productReference = 458DBDB520CF519700185170 /* Crypto WalletTests.xctest */;
			productType = "com.apple.product-type.bundle.unit-test";
		};
		458DBDBF20CF519700185170 /* Crypto WalletUITests */ = {
			isa = PBXNativeTarget;
			buildConfigurationList = 458DBDCF20CF519700185170 /* Build configuration list for PBXNativeTarget "Crypto WalletUITests" */;
			buildPhases = (
				1C9E9E1FC92898FD6BB74072 /* [CP] Check Pods Manifest.lock */,
				458DBDBC20CF519700185170 /* Sources */,
				458DBDBD20CF519700185170 /* Frameworks */,
				458DBDBE20CF519700185170 /* Resources */,
				2B43C153710488C1AD49CE97 /* [CP] Embed Pods Frameworks */,
				BD4ADF4A1BD7FD007E8425A5 /* [CP] Copy Pods Resources */,
			);
			buildRules = (
			);
			dependencies = (
				458DBDC220CF519700185170 /* PBXTargetDependency */,
			);
			name = "Crypto WalletUITests";
			productName = "Crypto WalletUITests";
			productReference = 458DBDC020CF519700185170 /* Crypto WalletUITests.xctest */;
			productType = "com.apple.product-type.bundle.ui-testing";
		};
/* End PBXNativeTarget section */

/* Begin PBXProject section */
		458DBD9620CF519500185170 /* Project object */ = {
			isa = PBXProject;
			attributes = {
				LastSwiftUpdateCheck = 0940;
				LastUpgradeCheck = 0940;
				ORGANIZATIONNAME = "John O'Sullivan";
				TargetAttributes = {
					458DBD9D20CF519500185170 = {
						CreatedOnToolsVersion = 9.4;
						LastSwiftMigration = 1000;
					};
					458DBDB420CF519700185170 = {
						CreatedOnToolsVersion = 9.4;
						LastSwiftMigration = 1000;
						TestTargetID = 458DBD9D20CF519500185170;
					};
					458DBDBF20CF519700185170 = {
						CreatedOnToolsVersion = 9.4;
						LastSwiftMigration = 1000;
						TestTargetID = 458DBD9D20CF519500185170;
					};
				};
			};
			buildConfigurationList = 458DBD9920CF519500185170 /* Build configuration list for PBXProject "Crypto Wallet" */;
			compatibilityVersion = "Xcode 9.3";
			developmentRegion = en;
			hasScannedForEncodings = 0;
			knownRegions = (
				en,
				Base,
			);
			mainGroup = 458DBD9520CF519500185170;
			productRefGroup = 458DBD9F20CF519500185170 /* Products */;
			projectDirPath = "";
			projectRoot = "";
			targets = (
				458DBD9D20CF519500185170 /* Crypto Wallet */,
				458DBDB420CF519700185170 /* Crypto WalletTests */,
				458DBDBF20CF519700185170 /* Crypto WalletUITests */,
			);
		};
/* End PBXProject section */

/* Begin PBXResourcesBuildPhase section */
		458DBD9C20CF519500185170 /* Resources */ = {
			isa = PBXResourcesBuildPhase;
			buildActionMask = 2147483647;
			files = (
				454B3CEA20E308B900D95960 /* SelectPopupView.xib in Resources */,
				4584628C20E1CF45004476AA /* ReceivedPopupView.xib in Resources */,
				458DBDAF20CF519700185170 /* LaunchScreen.storyboard in Resources */,
				458ED92520D36C57004AEF22 /* WalletCardView.xib in Resources */,
				4584629220E1DDF2004476AA /* SendPopupView.xib in Resources */,
				458DBDAC20CF519700185170 /* Assets.xcassets in Resources */,
				45D0353720EDB4DF002A61FB /* TabularCollectionCell.xib in Resources */,
				458DBDA720CF519500185170 /* Main.storyboard in Resources */,
				454B3CF120E414EC00D95960 /* CodeScan.bundle in Resources */,
			);
			runOnlyForDeploymentPostprocessing = 0;
		};
		458DBDB320CF519700185170 /* Resources */ = {
			isa = PBXResourcesBuildPhase;
			buildActionMask = 2147483647;
			files = (
			);
			runOnlyForDeploymentPostprocessing = 0;
		};
		458DBDBE20CF519700185170 /* Resources */ = {
			isa = PBXResourcesBuildPhase;
			buildActionMask = 2147483647;
			files = (
			);
			runOnlyForDeploymentPostprocessing = 0;
		};
/* End PBXResourcesBuildPhase section */

/* Begin PBXShellScriptBuildPhase section */
		05C37AD4641E3861AFC6A823 /* [CP] Copy Pods Resources */ = {
			isa = PBXShellScriptBuildPhase;
			buildActionMask = 2147483647;
			files = (
			);
			inputPaths = (
			);
			name = "[CP] Copy Pods Resources";
			outputPaths = (
			);
			runOnlyForDeploymentPostprocessing = 0;
			shellPath = /bin/sh;
			shellScript = "\"${SRCROOT}/Pods/Target Support Files/Pods-Crypto Wallet/Pods-Crypto Wallet-resources.sh\"\n";
			showEnvVarsInLog = 0;
		};
		1C9E9E1FC92898FD6BB74072 /* [CP] Check Pods Manifest.lock */ = {
			isa = PBXShellScriptBuildPhase;
			buildActionMask = 2147483647;
			files = (
			);
			inputPaths = (
				"${PODS_PODFILE_DIR_PATH}/Podfile.lock",
				"${PODS_ROOT}/Manifest.lock",
			);
			name = "[CP] Check Pods Manifest.lock";
			outputPaths = (
				"$(DERIVED_FILE_DIR)/Pods-Crypto WalletUITests-checkManifestLockResult.txt",
			);
			runOnlyForDeploymentPostprocessing = 0;
			shellPath = /bin/sh;
			shellScript = "diff \"${PODS_PODFILE_DIR_PATH}/Podfile.lock\" \"${PODS_ROOT}/Manifest.lock\" > /dev/null\nif [ $? != 0 ] ; then\n    # print error to STDERR\n    echo \"error: The sandbox is not in sync with the Podfile.lock. Run 'pod install' or update your CocoaPods installation.\" >&2\n    exit 1\nfi\n# This output is used by Xcode 'outputs' to avoid re-running this script phase.\necho \"SUCCESS\" > \"${SCRIPT_OUTPUT_FILE_0}\"\n";
			showEnvVarsInLog = 0;
		};
		27D7314BA39EC1E7BD0C442E /* [CP] Copy Pods Resources */ = {
			isa = PBXShellScriptBuildPhase;
			buildActionMask = 2147483647;
			files = (
			);
			inputPaths = (
			);
			name = "[CP] Copy Pods Resources";
			outputPaths = (
			);
			runOnlyForDeploymentPostprocessing = 0;
			shellPath = /bin/sh;
			shellScript = "\"${SRCROOT}/Pods/Target Support Files/Pods-Crypto WalletTests/Pods-Crypto WalletTests-resources.sh\"\n";
			showEnvVarsInLog = 0;
		};
		27E3C3E4ED6F1F0F5219F9C9 /* [CP] Check Pods Manifest.lock */ = {
			isa = PBXShellScriptBuildPhase;
			buildActionMask = 2147483647;
			files = (
			);
			inputPaths = (
				"${PODS_PODFILE_DIR_PATH}/Podfile.lock",
				"${PODS_ROOT}/Manifest.lock",
			);
			name = "[CP] Check Pods Manifest.lock";
			outputPaths = (
				"$(DERIVED_FILE_DIR)/Pods-Crypto WalletTests-checkManifestLockResult.txt",
			);
			runOnlyForDeploymentPostprocessing = 0;
			shellPath = /bin/sh;
			shellScript = "diff \"${PODS_PODFILE_DIR_PATH}/Podfile.lock\" \"${PODS_ROOT}/Manifest.lock\" > /dev/null\nif [ $? != 0 ] ; then\n    # print error to STDERR\n    echo \"error: The sandbox is not in sync with the Podfile.lock. Run 'pod install' or update your CocoaPods installation.\" >&2\n    exit 1\nfi\n# This output is used by Xcode 'outputs' to avoid re-running this script phase.\necho \"SUCCESS\" > \"${SCRIPT_OUTPUT_FILE_0}\"\n";
			showEnvVarsInLog = 0;
		};
		2B43C153710488C1AD49CE97 /* [CP] Embed Pods Frameworks */ = {
			isa = PBXShellScriptBuildPhase;
			buildActionMask = 2147483647;
			files = (
			);
			inputPaths = (
			);
			name = "[CP] Embed Pods Frameworks";
			outputPaths = (
			);
			runOnlyForDeploymentPostprocessing = 0;
			shellPath = /bin/sh;
			shellScript = "\"${SRCROOT}/Pods/Target Support Files/Pods-Crypto WalletUITests/Pods-Crypto WalletUITests-frameworks.sh\"\n";
			showEnvVarsInLog = 0;
		};
		2ECBEBFF2ED098CF021D4D59 /* [CP] Check Pods Manifest.lock */ = {
			isa = PBXShellScriptBuildPhase;
			buildActionMask = 2147483647;
			files = (
			);
			inputPaths = (
				"${PODS_PODFILE_DIR_PATH}/Podfile.lock",
				"${PODS_ROOT}/Manifest.lock",
			);
			name = "[CP] Check Pods Manifest.lock";
			outputPaths = (
				"$(DERIVED_FILE_DIR)/Pods-Crypto Wallet-checkManifestLockResult.txt",
			);
			runOnlyForDeploymentPostprocessing = 0;
			shellPath = /bin/sh;
			shellScript = "diff \"${PODS_PODFILE_DIR_PATH}/Podfile.lock\" \"${PODS_ROOT}/Manifest.lock\" > /dev/null\nif [ $? != 0 ] ; then\n    # print error to STDERR\n    echo \"error: The sandbox is not in sync with the Podfile.lock. Run 'pod install' or update your CocoaPods installation.\" >&2\n    exit 1\nfi\n# This output is used by Xcode 'outputs' to avoid re-running this script phase.\necho \"SUCCESS\" > \"${SCRIPT_OUTPUT_FILE_0}\"\n";
			showEnvVarsInLog = 0;
		};
		91016EEF64B059A83A58B67E /* [CP] Embed Pods Frameworks */ = {
			isa = PBXShellScriptBuildPhase;
			buildActionMask = 2147483647;
			files = (
			);
			inputPaths = (
			);
			name = "[CP] Embed Pods Frameworks";
			outputPaths = (
			);
			runOnlyForDeploymentPostprocessing = 0;
			shellPath = /bin/sh;
			shellScript = "\"${SRCROOT}/Pods/Target Support Files/Pods-Crypto WalletTests/Pods-Crypto WalletTests-frameworks.sh\"\n";
			showEnvVarsInLog = 0;
		};
		BD4ADF4A1BD7FD007E8425A5 /* [CP] Copy Pods Resources */ = {
			isa = PBXShellScriptBuildPhase;
			buildActionMask = 2147483647;
			files = (
			);
			inputPaths = (
			);
			name = "[CP] Copy Pods Resources";
			outputPaths = (
			);
			runOnlyForDeploymentPostprocessing = 0;
			shellPath = /bin/sh;
			shellScript = "\"${SRCROOT}/Pods/Target Support Files/Pods-Crypto WalletUITests/Pods-Crypto WalletUITests-resources.sh\"\n";
			showEnvVarsInLog = 0;
		};
		D14FAE4519BF80FCF1E581DD /* [CP] Embed Pods Frameworks */ = {
			isa = PBXShellScriptBuildPhase;
			buildActionMask = 2147483647;
			files = (
			);
			inputPaths = (
				"${SRCROOT}/Pods/Target Support Files/Pods-Crypto Wallet/Pods-Crypto Wallet-frameworks.sh",
				"${BUILT_PRODUCTS_DIR}/Alamofire/Alamofire.framework",
				"${BUILT_PRODUCTS_DIR}/AlamofireObjectMapper/AlamofireObjectMapper.framework",
				"${BUILT_PRODUCTS_DIR}/BigInt/BigInt.framework",
				"${BUILT_PRODUCTS_DIR}/CryptoSwift/CryptoSwift.framework",
				"${BUILT_PRODUCTS_DIR}/Kingfisher/Kingfisher.framework",
				"${BUILT_PRODUCTS_DIR}/ObjectMapper/ObjectMapper.framework",
				"${BUILT_PRODUCTS_DIR}/PromiseKit/PromiseKit.framework",
				"${BUILT_PRODUCTS_DIR}/Realm/Realm.framework",
				"${BUILT_PRODUCTS_DIR}/RealmSwift/RealmSwift.framework",
				"${BUILT_PRODUCTS_DIR}/Result/Result.framework",
				"${BUILT_PRODUCTS_DIR}/SipHash/SipHash.framework",
				"${BUILT_PRODUCTS_DIR}/scrypt/scrypt.framework",
				"${BUILT_PRODUCTS_DIR}/secp256k1_ios/secp256k1_ios.framework",
				"${BUILT_PRODUCTS_DIR}/web3swift/web3swift.framework",
			);
			name = "[CP] Embed Pods Frameworks";
			outputPaths = (
				"${TARGET_BUILD_DIR}/${FRAMEWORKS_FOLDER_PATH}/Alamofire.framework",
				"${TARGET_BUILD_DIR}/${FRAMEWORKS_FOLDER_PATH}/AlamofireObjectMapper.framework",
				"${TARGET_BUILD_DIR}/${FRAMEWORKS_FOLDER_PATH}/BigInt.framework",
				"${TARGET_BUILD_DIR}/${FRAMEWORKS_FOLDER_PATH}/CryptoSwift.framework",
				"${TARGET_BUILD_DIR}/${FRAMEWORKS_FOLDER_PATH}/Kingfisher.framework",
				"${TARGET_BUILD_DIR}/${FRAMEWORKS_FOLDER_PATH}/ObjectMapper.framework",
				"${TARGET_BUILD_DIR}/${FRAMEWORKS_FOLDER_PATH}/PromiseKit.framework",
				"${TARGET_BUILD_DIR}/${FRAMEWORKS_FOLDER_PATH}/Realm.framework",
				"${TARGET_BUILD_DIR}/${FRAMEWORKS_FOLDER_PATH}/RealmSwift.framework",
				"${TARGET_BUILD_DIR}/${FRAMEWORKS_FOLDER_PATH}/Result.framework",
				"${TARGET_BUILD_DIR}/${FRAMEWORKS_FOLDER_PATH}/SipHash.framework",
				"${TARGET_BUILD_DIR}/${FRAMEWORKS_FOLDER_PATH}/scrypt.framework",
				"${TARGET_BUILD_DIR}/${FRAMEWORKS_FOLDER_PATH}/secp256k1_ios.framework",
				"${TARGET_BUILD_DIR}/${FRAMEWORKS_FOLDER_PATH}/web3swift.framework",
			);
			runOnlyForDeploymentPostprocessing = 0;
			shellPath = /bin/sh;
			shellScript = "\"${SRCROOT}/Pods/Target Support Files/Pods-Crypto Wallet/Pods-Crypto Wallet-frameworks.sh\"\n";
			showEnvVarsInLog = 0;
		};
/* End PBXShellScriptBuildPhase section */

/* Begin PBXSourcesBuildPhase section */
		458DBD9A20CF519500185170 /* Sources */ = {
			isa = PBXSourcesBuildPhase;
			buildActionMask = 2147483647;
			files = (
				45A8481C20D214C300F88753 /* Currency.swift in Sources */,
				45BAB80C20CF7C51006F5B68 /* StringHelper.swift in Sources */,
				4584626620E0A96A004476AA /* ReceivedPopupView.swift in Sources */,
				454B3D0820E5725700D95960 /* NotificationBarStyle.swift in Sources */,
				454B3D0920E5725700D95960 /* NotificationBar.swift in Sources */,
				4584627C20E0ACEB004476AA /* ShapeType.swift in Sources */,
				4584626420E0A96A004476AA /* ReceivedPopupViewController.swift in Sources */,
				45D0353A20EDB4DF002A61FB /* Font.swift in Sources */,
				4576CBA920D987D600D53F44 /* TransactionFactory.swift in Sources */,
				45D0353C20EDB4DF002A61FB /* TabularCollectionCell.swift in Sources */,
				45BAB80420CF781E006F5B68 /* ViewController.swift in Sources */,
				45D0353620EDB4DF002A61FB /* String+Utility.swift in Sources */,
				454B3CFF20E4150300D95960 /* CWPermissions.swift in Sources */,
				4576CB9A20D8285900D53F44 /* Chain.swift in Sources */,
				45BAB80320CF781E006F5B68 /* AppDelegate.swift in Sources */,
				458ED92620D36C57004AEF22 /* WalletCardView.swift in Sources */,
				45A8481A20D2149A00F88753 /* Ether.swift in Sources */,
				45BAB80920CF7B19006F5B68 /* UITools.swift in Sources */,
				454B3CEE20E308D100D95960 /* SelectPopupViewController.swift in Sources */,
				454B3CFD20E4150300D95960 /* CWXScanNetAnimation.swift in Sources */,
				4576CBA520D97B2800D53F44 /* StandardSyncCoordinator.swift in Sources */,
				4584627A20E0ACEB004476AA /* PopupItem.swift in Sources */,
				454B3D0320E44FEB00D95960 /* UIColorHelper.swift in Sources */,
				4584628120E0ACEB004476AA /* ViewType.swift in Sources */,
				4576CBAB20DB4BEC00D53F44 /* APIRate.swift in Sources */,
				45A8481120D0A7D800F88753 /* BuildHelper.swift in Sources */,
				45BAB80620CF7954006F5B68 /* EthereumTools.swift in Sources */,
				454B3CFC20E4150300D95960 /* CWScanViewController.swift in Sources */,
				4584629020E1DDD2004476AA /* SendPopupView.swift in Sources */,
				45A8481720D2101C00F88753 /* APIEth.swift in Sources */,
				454B3CFA20E4150300D95960 /* CWScanViewStyle.swift in Sources */,
				4584627920E0ACEB004476AA /* PopupViewContainable.swift in Sources */,
				4584628E20E1DDC3004476AA /* SendPopupViewController.swift in Sources */,
				4584628820E140B1004476AA /* UIImageViewExtension.swift in Sources */,
				45D0353820EDB4DF002A61FB /* TabularLayout.swift in Sources */,
				45D0353B20EDB4DF002A61FB /* Color.swift in Sources */,
				4584627D20E0ACEB004476AA /* PopupContainerWindow.swift in Sources */,
				451BF66420E09C0C008C43F4 /* ReceivingViewController.swift in Sources */,
				45A8481320D20EA600F88753 /* NetworkLoadable.swift in Sources */,
				454B3CFE20E4150300D95960 /* CWScanWrapper.swift in Sources */,
				4584627B20E0ACEB004476AA /* PopupContainerView.swift in Sources */,
				4576CB9C20D891AC00D53F44 /* Ethereum.swift in Sources */,
				45D0353920EDB4DF002A61FB /* TabularCollectionView.swift in Sources */,
				45A8481520D2100000F88753 /* API.swift in Sources */,
				454B3D0720E5725700D95960 /* NotificationBarConfiguration.swift in Sources */,
				4584627E20E0ACEB004476AA /* PopupWindowManager.swift in Sources */,
				458ED92020D368E9004AEF22 /* WalletView.swift in Sources */,
				4584628020E0ACEB004476AA /* BasePopupViewController.swift in Sources */,
				4576CBA320D97A7B00D53F44 /* GasService.swift in Sources */,
				45A8482020D2BA4500F88753 /* Constants.swift in Sources */,
				454B3CFB20E4150300D95960 /* CWScanView.swift in Sources */,
				4584628B20E140B1004476AA /* CIImageExtension.swift in Sources */,
				454B3D0120E4158400D95960 /* QQScanViewController.swift in Sources */,
				45D0352C20EC615E002A61FB /* Transaction.swift in Sources */,
				4584627720E0ACEB004476AA /* UIView+Shape.swift in Sources */,
				4584627F20E0ACEB004476AA /* Animator.swift in Sources */,
				4584628920E140B1004476AA /* QRCode.swift in Sources */,
				4517DA4B2172E79A000AC493 /* AddViewController.swift in Sources */,
				4584628A20E140B1004476AA /* CIColorExtension.swift in Sources */,
				454B3CF920E4150300D95960 /* CWScanLineAnimation.swift in Sources */,
				4584627620E0ACEB004476AA /* CGRect+Inset.swift in Sources */,
				4584628220E0ACEB004476AA /* PopupViewDirection.swift in Sources */,
				4517DA4D21741765000AC493 /* AddGenerateWallet.swift in Sources */,
				458DBDAA20CF519500185170 /* Crypto_Wallet.xcdatamodeld in Sources */,
				4576CBA120D8AF1600D53F44 /* KeystoreService.swift in Sources */,
				458ED92220D3691C004AEF22 /* CardView.swift in Sources */,
				45A8481E20D214F400F88753 /* ValueHelper.swift in Sources */,
				454B3CEC20E308C400D95960 /* SelectPopupView.swift in Sources */,
			);
			runOnlyForDeploymentPostprocessing = 0;
		};
		458DBDB120CF519700185170 /* Sources */ = {
			isa = PBXSourcesBuildPhase;
			buildActionMask = 2147483647;
			files = (
				458DBDBA20CF519700185170 /* Crypto_WalletTests.swift in Sources */,
			);
			runOnlyForDeploymentPostprocessing = 0;
		};
		458DBDBC20CF519700185170 /* Sources */ = {
			isa = PBXSourcesBuildPhase;
			buildActionMask = 2147483647;
			files = (
				458DBDC520CF519700185170 /* Crypto_WalletUITests.swift in Sources */,
			);
			runOnlyForDeploymentPostprocessing = 0;
		};
/* End PBXSourcesBuildPhase section */

/* Begin PBXTargetDependency section */
		458DBDB720CF519700185170 /* PBXTargetDependency */ = {
			isa = PBXTargetDependency;
			target = 458DBD9D20CF519500185170 /* Crypto Wallet */;
			targetProxy = 458DBDB620CF519700185170 /* PBXContainerItemProxy */;
		};
		458DBDC220CF519700185170 /* PBXTargetDependency */ = {
			isa = PBXTargetDependency;
			target = 458DBD9D20CF519500185170 /* Crypto Wallet */;
			targetProxy = 458DBDC120CF519700185170 /* PBXContainerItemProxy */;
		};
/* End PBXTargetDependency section */

/* Begin PBXVariantGroup section */
		458DBDA520CF519500185170 /* Main.storyboard */ = {
			isa = PBXVariantGroup;
			children = (
				458DBDA620CF519500185170 /* Base */,
			);
			name = Main.storyboard;
			sourceTree = "<group>";
		};
		458DBDAD20CF519700185170 /* LaunchScreen.storyboard */ = {
			isa = PBXVariantGroup;
			children = (
				458DBDAE20CF519700185170 /* Base */,
			);
			name = LaunchScreen.storyboard;
			sourceTree = "<group>";
		};
/* End PBXVariantGroup section */

/* Begin XCBuildConfiguration section */
		458DBDC720CF519700185170 /* Debug */ = {
			isa = XCBuildConfiguration;
			buildSettings = {
				ALWAYS_SEARCH_USER_PATHS = NO;
				CLANG_ANALYZER_NONNULL = YES;
				CLANG_ANALYZER_NUMBER_OBJECT_CONVERSION = YES_AGGRESSIVE;
				CLANG_CXX_LANGUAGE_STANDARD = "gnu++14";
				CLANG_CXX_LIBRARY = "libc++";
				CLANG_ENABLE_MODULES = YES;
				CLANG_ENABLE_OBJC_ARC = YES;
				CLANG_ENABLE_OBJC_WEAK = YES;
				CLANG_WARN_BLOCK_CAPTURE_AUTORELEASING = YES;
				CLANG_WARN_BOOL_CONVERSION = YES;
				CLANG_WARN_COMMA = YES;
				CLANG_WARN_CONSTANT_CONVERSION = YES;
				CLANG_WARN_DEPRECATED_OBJC_IMPLEMENTATIONS = YES;
				CLANG_WARN_DIRECT_OBJC_ISA_USAGE = YES_ERROR;
				CLANG_WARN_DOCUMENTATION_COMMENTS = YES;
				CLANG_WARN_EMPTY_BODY = YES;
				CLANG_WARN_ENUM_CONVERSION = YES;
				CLANG_WARN_INFINITE_RECURSION = YES;
				CLANG_WARN_INT_CONVERSION = YES;
				CLANG_WARN_NON_LITERAL_NULL_CONVERSION = YES;
				CLANG_WARN_OBJC_IMPLICIT_RETAIN_SELF = YES;
				CLANG_WARN_OBJC_LITERAL_CONVERSION = YES;
				CLANG_WARN_OBJC_ROOT_CLASS = YES_ERROR;
				CLANG_WARN_RANGE_LOOP_ANALYSIS = YES;
				CLANG_WARN_STRICT_PROTOTYPES = YES;
				CLANG_WARN_SUSPICIOUS_MOVE = YES;
				CLANG_WARN_UNGUARDED_AVAILABILITY = YES_AGGRESSIVE;
				CLANG_WARN_UNREACHABLE_CODE = YES;
				CLANG_WARN__DUPLICATE_METHOD_MATCH = YES;
				CODE_SIGN_IDENTITY = "iPhone Developer";
				COPY_PHASE_STRIP = NO;
				DEBUG_INFORMATION_FORMAT = dwarf;
				ENABLE_STRICT_OBJC_MSGSEND = YES;
				ENABLE_TESTABILITY = YES;
				GCC_C_LANGUAGE_STANDARD = gnu11;
				GCC_DYNAMIC_NO_PIC = NO;
				GCC_NO_COMMON_BLOCKS = YES;
				GCC_OPTIMIZATION_LEVEL = 0;
				GCC_PREPROCESSOR_DEFINITIONS = (
					"DEBUG=1",
					"$(inherited)",
				);
				GCC_WARN_64_TO_32_BIT_CONVERSION = YES;
				GCC_WARN_ABOUT_RETURN_TYPE = YES_ERROR;
				GCC_WARN_UNDECLARED_SELECTOR = YES;
				GCC_WARN_UNINITIALIZED_AUTOS = YES_AGGRESSIVE;
				GCC_WARN_UNUSED_FUNCTION = YES;
				GCC_WARN_UNUSED_VARIABLE = YES;
				IPHONEOS_DEPLOYMENT_TARGET = 11.4;
				MTL_ENABLE_DEBUG_INFO = YES;
				ONLY_ACTIVE_ARCH = YES;
				SDKROOT = iphoneos;
				SWIFT_ACTIVE_COMPILATION_CONDITIONS = DEBUG;
				SWIFT_OPTIMIZATION_LEVEL = "-Onone";
			};
			name = Debug;
		};
		458DBDC820CF519700185170 /* Release */ = {
			isa = XCBuildConfiguration;
			buildSettings = {
				ALWAYS_SEARCH_USER_PATHS = NO;
				CLANG_ANALYZER_NONNULL = YES;
				CLANG_ANALYZER_NUMBER_OBJECT_CONVERSION = YES_AGGRESSIVE;
				CLANG_CXX_LANGUAGE_STANDARD = "gnu++14";
				CLANG_CXX_LIBRARY = "libc++";
				CLANG_ENABLE_MODULES = YES;
				CLANG_ENABLE_OBJC_ARC = YES;
				CLANG_ENABLE_OBJC_WEAK = YES;
				CLANG_WARN_BLOCK_CAPTURE_AUTORELEASING = YES;
				CLANG_WARN_BOOL_CONVERSION = YES;
				CLANG_WARN_COMMA = YES;
				CLANG_WARN_CONSTANT_CONVERSION = YES;
				CLANG_WARN_DEPRECATED_OBJC_IMPLEMENTATIONS = YES;
				CLANG_WARN_DIRECT_OBJC_ISA_USAGE = YES_ERROR;
				CLANG_WARN_DOCUMENTATION_COMMENTS = YES;
				CLANG_WARN_EMPTY_BODY = YES;
				CLANG_WARN_ENUM_CONVERSION = YES;
				CLANG_WARN_INFINITE_RECURSION = YES;
				CLANG_WARN_INT_CONVERSION = YES;
				CLANG_WARN_NON_LITERAL_NULL_CONVERSION = YES;
				CLANG_WARN_OBJC_IMPLICIT_RETAIN_SELF = YES;
				CLANG_WARN_OBJC_LITERAL_CONVERSION = YES;
				CLANG_WARN_OBJC_ROOT_CLASS = YES_ERROR;
				CLANG_WARN_RANGE_LOOP_ANALYSIS = YES;
				CLANG_WARN_STRICT_PROTOTYPES = YES;
				CLANG_WARN_SUSPICIOUS_MOVE = YES;
				CLANG_WARN_UNGUARDED_AVAILABILITY = YES_AGGRESSIVE;
				CLANG_WARN_UNREACHABLE_CODE = YES;
				CLANG_WARN__DUPLICATE_METHOD_MATCH = YES;
				CODE_SIGN_IDENTITY = "iPhone Developer";
				COPY_PHASE_STRIP = NO;
				DEBUG_INFORMATION_FORMAT = "dwarf-with-dsym";
				ENABLE_NS_ASSERTIONS = NO;
				ENABLE_STRICT_OBJC_MSGSEND = YES;
				GCC_C_LANGUAGE_STANDARD = gnu11;
				GCC_NO_COMMON_BLOCKS = YES;
				GCC_WARN_64_TO_32_BIT_CONVERSION = YES;
				GCC_WARN_ABOUT_RETURN_TYPE = YES_ERROR;
				GCC_WARN_UNDECLARED_SELECTOR = YES;
				GCC_WARN_UNINITIALIZED_AUTOS = YES_AGGRESSIVE;
				GCC_WARN_UNUSED_FUNCTION = YES;
				GCC_WARN_UNUSED_VARIABLE = YES;
				IPHONEOS_DEPLOYMENT_TARGET = 11.4;
				MTL_ENABLE_DEBUG_INFO = NO;
				SDKROOT = iphoneos;
				SWIFT_COMPILATION_MODE = wholemodule;
				SWIFT_OPTIMIZATION_LEVEL = "-O";
				VALIDATE_PRODUCT = YES;
			};
			name = Release;
		};
		458DBDCA20CF519700185170 /* Debug */ = {
			isa = XCBuildConfiguration;
			baseConfigurationReference = A18C4FF739E61EF7A4028FAF /* Pods-Crypto Wallet.debug.xcconfig */;
			buildSettings = {
				ASSETCATALOG_COMPILER_APPICON_NAME = AppIcon;
				CLANG_ENABLE_MODULES = YES;
				CODE_SIGN_STYLE = Automatic;
				DEVELOPMENT_TEAM = 69UBQ6HF54;
				ENABLE_BITCODE = NO;
				INFOPLIST_FILE = "Crypto Wallet/Info.plist";
				LD_RUNPATH_SEARCH_PATHS = (
					"$(inherited)",
					"@executable_path/Frameworks",
				);
				PRODUCT_BUNDLE_IDENTIFIER = "com.otech.Crypto-Wallet";
				PRODUCT_NAME = "$(TARGET_NAME)";
				SWIFT_OBJC_BRIDGING_HEADER = "Crypto Wallet/Crypto Wallet-Bridging-Header.h";
				SWIFT_OPTIMIZATION_LEVEL = "-Onone";
				SWIFT_VERSION = 4.2;
				TARGETED_DEVICE_FAMILY = "1,2";
			};
			name = Debug;
		};
		458DBDCB20CF519700185170 /* Release */ = {
			isa = XCBuildConfiguration;
			baseConfigurationReference = ABB93DB720B0D6B1B1413128 /* Pods-Crypto Wallet.release.xcconfig */;
			buildSettings = {
				ASSETCATALOG_COMPILER_APPICON_NAME = AppIcon;
				CLANG_ENABLE_MODULES = YES;
				CODE_SIGN_STYLE = Automatic;
				DEVELOPMENT_TEAM = 69UBQ6HF54;
				ENABLE_BITCODE = NO;
				INFOPLIST_FILE = "Crypto Wallet/Info.plist";
				LD_RUNPATH_SEARCH_PATHS = (
					"$(inherited)",
					"@executable_path/Frameworks",
				);
				PRODUCT_BUNDLE_IDENTIFIER = "com.otech.Crypto-Wallet";
				PRODUCT_NAME = "$(TARGET_NAME)";
				SWIFT_OBJC_BRIDGING_HEADER = "Crypto Wallet/Crypto Wallet-Bridging-Header.h";
				SWIFT_VERSION = 4.2;
				TARGETED_DEVICE_FAMILY = "1,2";
			};
			name = Release;
		};
		458DBDCD20CF519700185170 /* Debug */ = {
			isa = XCBuildConfiguration;
			baseConfigurationReference = 03A110548D1DC21459243496 /* Pods-Crypto WalletTests.debug.xcconfig */;
			buildSettings = {
				ALWAYS_EMBED_SWIFT_STANDARD_LIBRARIES = YES;
				BUNDLE_LOADER = "$(TEST_HOST)";
				CODE_SIGN_STYLE = Automatic;
				DEVELOPMENT_TEAM = 69UBQ6HF54;
				INFOPLIST_FILE = "Crypto WalletTests/Info.plist";
				LD_RUNPATH_SEARCH_PATHS = (
					"$(inherited)",
					"@executable_path/Frameworks",
					"@loader_path/Frameworks",
				);
				PRODUCT_BUNDLE_IDENTIFIER = "com.otech.Crypto-WalletTests";
				PRODUCT_NAME = "$(TARGET_NAME)";
				SWIFT_VERSION = 4.2;
				TARGETED_DEVICE_FAMILY = "1,2";
				TEST_HOST = "$(BUILT_PRODUCTS_DIR)/Crypto Wallet.app/Crypto Wallet";
			};
			name = Debug;
		};
		458DBDCE20CF519700185170 /* Release */ = {
			isa = XCBuildConfiguration;
			baseConfigurationReference = 5967F890B0F2997B0E46ABE3 /* Pods-Crypto WalletTests.release.xcconfig */;
			buildSettings = {
				ALWAYS_EMBED_SWIFT_STANDARD_LIBRARIES = YES;
				BUNDLE_LOADER = "$(TEST_HOST)";
				CODE_SIGN_STYLE = Automatic;
				DEVELOPMENT_TEAM = 69UBQ6HF54;
				INFOPLIST_FILE = "Crypto WalletTests/Info.plist";
				LD_RUNPATH_SEARCH_PATHS = (
					"$(inherited)",
					"@executable_path/Frameworks",
					"@loader_path/Frameworks",
				);
				PRODUCT_BUNDLE_IDENTIFIER = "com.otech.Crypto-WalletTests";
				PRODUCT_NAME = "$(TARGET_NAME)";
				SWIFT_VERSION = 4.2;
				TARGETED_DEVICE_FAMILY = "1,2";
				TEST_HOST = "$(BUILT_PRODUCTS_DIR)/Crypto Wallet.app/Crypto Wallet";
			};
			name = Release;
		};
		458DBDD020CF519700185170 /* Debug */ = {
			isa = XCBuildConfiguration;
			baseConfigurationReference = 0E09B949D41E61964BDA35E5 /* Pods-Crypto WalletUITests.debug.xcconfig */;
			buildSettings = {
				ALWAYS_EMBED_SWIFT_STANDARD_LIBRARIES = YES;
				CODE_SIGN_STYLE = Automatic;
				DEVELOPMENT_TEAM = 69UBQ6HF54;
				INFOPLIST_FILE = "Crypto WalletUITests/Info.plist";
				LD_RUNPATH_SEARCH_PATHS = (
					"$(inherited)",
					"@executable_path/Frameworks",
					"@loader_path/Frameworks",
				);
				PRODUCT_BUNDLE_IDENTIFIER = "com.otech.Crypto-WalletUITests";
				PRODUCT_NAME = "$(TARGET_NAME)";
				SWIFT_VERSION = 4.2;
				TARGETED_DEVICE_FAMILY = "1,2";
				TEST_TARGET_NAME = "Crypto Wallet";
			};
			name = Debug;
		};
		458DBDD120CF519700185170 /* Release */ = {
			isa = XCBuildConfiguration;
			baseConfigurationReference = 79335E0002F8E9FE1C1DAD51 /* Pods-Crypto WalletUITests.release.xcconfig */;
			buildSettings = {
				ALWAYS_EMBED_SWIFT_STANDARD_LIBRARIES = YES;
				CODE_SIGN_STYLE = Automatic;
				DEVELOPMENT_TEAM = 69UBQ6HF54;
				INFOPLIST_FILE = "Crypto WalletUITests/Info.plist";
				LD_RUNPATH_SEARCH_PATHS = (
					"$(inherited)",
					"@executable_path/Frameworks",
					"@loader_path/Frameworks",
				);
				PRODUCT_BUNDLE_IDENTIFIER = "com.otech.Crypto-WalletUITests";
				PRODUCT_NAME = "$(TARGET_NAME)";
				SWIFT_VERSION = 4.2;
				TARGETED_DEVICE_FAMILY = "1,2";
				TEST_TARGET_NAME = "Crypto Wallet";
			};
			name = Release;
		};
/* End XCBuildConfiguration section */

/* Begin XCConfigurationList section */
		458DBD9920CF519500185170 /* Build configuration list for PBXProject "Crypto Wallet" */ = {
			isa = XCConfigurationList;
			buildConfigurations = (
				458DBDC720CF519700185170 /* Debug */,
				458DBDC820CF519700185170 /* Release */,
			);
			defaultConfigurationIsVisible = 0;
			defaultConfigurationName = Release;
		};
		458DBDC920CF519700185170 /* Build configuration list for PBXNativeTarget "Crypto Wallet" */ = {
			isa = XCConfigurationList;
			buildConfigurations = (
				458DBDCA20CF519700185170 /* Debug */,
				458DBDCB20CF519700185170 /* Release */,
			);
			defaultConfigurationIsVisible = 0;
			defaultConfigurationName = Release;
		};
		458DBDCC20CF519700185170 /* Build configuration list for PBXNativeTarget "Crypto WalletTests" */ = {
			isa = XCConfigurationList;
			buildConfigurations = (
				458DBDCD20CF519700185170 /* Debug */,
				458DBDCE20CF519700185170 /* Release */,
			);
			defaultConfigurationIsVisible = 0;
			defaultConfigurationName = Release;
		};
		458DBDCF20CF519700185170 /* Build configuration list for PBXNativeTarget "Crypto WalletUITests" */ = {
			isa = XCConfigurationList;
			buildConfigurations = (
				458DBDD020CF519700185170 /* Debug */,
				458DBDD120CF519700185170 /* Release */,
			);
			defaultConfigurationIsVisible = 0;
			defaultConfigurationName = Release;
		};
/* End XCConfigurationList section */

/* Begin XCVersionGroup section */
		458DBDA820CF519500185170 /* Crypto_Wallet.xcdatamodeld */ = {
			isa = XCVersionGroup;
			children = (
				458DBDA920CF519500185170 /* Crypto_Wallet.xcdatamodel */,
			);
			currentVersion = 458DBDA920CF519500185170 /* Crypto_Wallet.xcdatamodel */;
			path = Crypto_Wallet.xcdatamodeld;
			sourceTree = "<group>";
			versionGroupType = wrapper.xcdatamodel;
		};
/* End XCVersionGroup section */
	};
	rootObject = 458DBD9620CF519500185170 /* Project object */;
}
